PODS:
  - iOSSnapshotTestCase (6.2.0):
    - iOSSnapshotTestCase/SwiftSupport (= 6.2.0)
  - iOSSnapshotTestCase/Core (6.2.0)
  - iOSSnapshotTestCase/SwiftSupport (6.2.0):
    - iOSSnapshotTestCase/Core

DEPENDENCIES:
  - iOSSnapshotTestCase

SPEC REPOS:
  trunk:
    - iOSSnapshotTestCase

SPEC CHECKSUMS:
  iOSSnapshotTestCase: 9ab44cb5aa62b84d31847f40680112e15ec579a6

PODFILE CHECKSUM: af8eeb10fc7885ca78805907ccbc86dba1730c13

COCOAPODS: 1.10.2
